
Microsoft Visual Studio Solution File, Format Version 12.00
# Visual Studio Version 16
VisualStudioVersion = 16.0.31321.278
MinimumVisualStudioVersion = 10.0.40219.1
Project("{FAE04EC0-301F-11D3-BF4B-00C04F79EFBC}") = "Demo_Path", "Demo_Path\Demo_Path.csproj", "{654ED567-11E0-451D-A7D6-3AE93DE70002}"
EndProject
Global
	GlobalSection(SolutionConfigurationPlatforms) = preSolution
		Debug|Any CPU = Debug|Any CPU
		Release|Any CPU = Release|Any CPU
	EndGlobalSection
	GlobalSection(ProjectConfigurationPlatforms) = postSolution
		{654ED567-11E0-451D-A7D6-3AE93DE70002}.Debug|Any CPU.ActiveCfg = Debug|Any CPU
		{654ED567-11E0-451D-A7D6-3AE93DE70002}.Debug|Any CPU.Build.0 = Debug|Any CPU
		{654ED567-11E0-451D-A7D6-3AE93DE70002}.Release|Any CPU.ActiveCfg = Release|Any CPU
		{654ED567-11E0-451D-A7D6-3AE93DE70002}.Release|Any CPU.Build.0 = Release|Any CPU
	EndGlobalSection
	GlobalSection(SolutionProperties) = preSolution
		HideSolutionNode = FALSE
	EndGlobalSection
	GlobalSection(ExtensibilityGlobals) = postSolution
		SolutionGuid = {D01317F4-181F-4626-A89C-46F788BDEC27}
	EndGlobalSection
EndGlobal
