
Microsoft Visual Studio Solution File, Format Version 12.00
# Visual Studio Version 16
VisualStudioVersion = 16.0.31321.278
MinimumVisualStudioVersion = 10.0.40219.1
Project("{FAE04EC0-301F-11D3-BF4B-00C04F79EFBC}") = "Working_with_Text", "Working_with_Text\Working_with_Text.csproj", "{6B8F6830-A666-44CC-A7E6-635EDEABF341}"
EndProject
Project("{FAE04EC0-301F-11D3-BF4B-00C04F79EFBC}") = "Summarising_Text", "Summarising_Text\Summarising_Text.csproj", "{D58AB543-3FBD-44E0-9328-993C353223CE}"
EndProject
Global
	GlobalSection(SolutionConfigurationPlatforms) = preSolution
		Debug|Any CPU = Debug|Any CPU
		Release|Any CPU = Release|Any CPU
	EndGlobalSection
	GlobalSection(ProjectConfigurationPlatforms) = postSolution
		{6B8F6830-A666-44CC-A7E6-635EDEABF341}.Debug|Any CPU.ActiveCfg = Debug|Any CPU
		{6B8F6830-A666-44CC-A7E6-635EDEABF341}.Debug|Any CPU.Build.0 = Debug|Any CPU
		{6B8F6830-A666-44CC-A7E6-635EDEABF341}.Release|Any CPU.ActiveCfg = Release|Any CPU
		{6B8F6830-A666-44CC-A7E6-635EDEABF341}.Release|Any CPU.Build.0 = Release|Any CPU
		{D58AB543-3FBD-44E0-9328-993C353223CE}.Debug|Any CPU.ActiveCfg = Debug|Any CPU
		{D58AB543-3FBD-44E0-9328-993C353223CE}.Debug|Any CPU.Build.0 = Debug|Any CPU
		{D58AB543-3FBD-44E0-9328-993C353223CE}.Release|Any CPU.ActiveCfg = Release|Any CPU
		{D58AB543-3FBD-44E0-9328-993C353223CE}.Release|Any CPU.Build.0 = Release|Any CPU
	EndGlobalSection
	GlobalSection(SolutionProperties) = preSolution
		HideSolutionNode = FALSE
	EndGlobalSection
	GlobalSection(ExtensibilityGlobals) = postSolution
		SolutionGuid = {D37A60C9-3D6D-4607-A35A-60283186CECD}
	EndGlobalSection
EndGlobal
