
Microsoft Visual Studio Solution File, Format Version 12.00
# Visual Studio Version 16
VisualStudioVersion = 16.0.31321.278
MinimumVisualStudioVersion = 10.0.40219.1
Project("{FAE04EC0-301F-11D3-BF4B-00C04F79EFBC}") = "Demo_File_FileInfo", "Demo_File_FileInfo\Demo_File_FileInfo.csproj", "{2F981A4E-A9A7-41BD-852B-A6C31DC0183A}"
EndProject
Global
	GlobalSection(SolutionConfigurationPlatforms) = preSolution
		Debug|Any CPU = Debug|Any CPU
		Release|Any CPU = Release|Any CPU
	EndGlobalSection
	GlobalSection(ProjectConfigurationPlatforms) = postSolution
		{2F981A4E-A9A7-41BD-852B-A6C31DC0183A}.Debug|Any CPU.ActiveCfg = Debug|Any CPU
		{2F981A4E-A9A7-41BD-852B-A6C31DC0183A}.Debug|Any CPU.Build.0 = Debug|Any CPU
		{2F981A4E-A9A7-41BD-852B-A6C31DC0183A}.Release|Any CPU.ActiveCfg = Release|Any CPU
		{2F981A4E-A9A7-41BD-852B-A6C31DC0183A}.Release|Any CPU.Build.0 = Release|Any CPU
	EndGlobalSection
	GlobalSection(SolutionProperties) = preSolution
		HideSolutionNode = FALSE
	EndGlobalSection
	GlobalSection(ExtensibilityGlobals) = postSolution
		SolutionGuid = {C0BE1BCB-1040-4433-AAF3-6F61D757967D}
	EndGlobalSection
EndGlobal
