
Microsoft Visual Studio Solution File, Format Version 12.00
# Visual Studio Version 16
VisualStudioVersion = 16.0.31321.278
MinimumVisualStudioVersion = 10.0.40219.1
Project("{FAE04EC0-301F-11D3-BF4B-00C04F79EFBC}") = "ControlFlowProblems", "ControlFlowProblems\ControlFlowProblems.csproj", "{7B8470AC-B753-41DC-9878-080E75FE20CF}"
EndProject
Global
	GlobalSection(SolutionConfigurationPlatforms) = preSolution
		Debug|Any CPU = Debug|Any CPU
		Release|Any CPU = Release|Any CPU
	EndGlobalSection
	GlobalSection(ProjectConfigurationPlatforms) = postSolution
		{7B8470AC-B753-41DC-9878-080E75FE20CF}.Debug|Any CPU.ActiveCfg = Debug|Any CPU
		{7B8470AC-B753-41DC-9878-080E75FE20CF}.Debug|Any CPU.Build.0 = Debug|Any CPU
		{7B8470AC-B753-41DC-9878-080E75FE20CF}.Release|Any CPU.ActiveCfg = Release|Any CPU
		{7B8470AC-B753-41DC-9878-080E75FE20CF}.Release|Any CPU.Build.0 = Release|Any CPU
	EndGlobalSection
	GlobalSection(SolutionProperties) = preSolution
		HideSolutionNode = FALSE
	EndGlobalSection
	GlobalSection(ExtensibilityGlobals) = postSolution
		SolutionGuid = {7F4FAEFD-3255-49B7-863B-714D1DDF24DD}
	EndGlobalSection
EndGlobal
