
Microsoft Visual Studio Solution File, Format Version 12.00
# Visual Studio Version 16
VisualStudioVersion = 16.0.31321.278
MinimumVisualStudioVersion = 10.0.40219.1
Project("{FAE04EC0-301F-11D3-BF4B-00C04F79EFBC}") = "Demo-While_loops", "Demo-While_loops\Demo-While_loops.csproj", "{551006AE-6B82-447A-9A43-BED471F72A37}"
EndProject
Global
	GlobalSection(SolutionConfigurationPlatforms) = preSolution
		Debug|Any CPU = Debug|Any CPU
		Release|Any CPU = Release|Any CPU
	EndGlobalSection
	GlobalSection(ProjectConfigurationPlatforms) = postSolution
		{551006AE-6B82-447A-9A43-BED471F72A37}.Debug|Any CPU.ActiveCfg = Debug|Any CPU
		{551006AE-6B82-447A-9A43-BED471F72A37}.Debug|Any CPU.Build.0 = Debug|Any CPU
		{551006AE-6B82-447A-9A43-BED471F72A37}.Release|Any CPU.ActiveCfg = Release|Any CPU
		{551006AE-6B82-447A-9A43-BED471F72A37}.Release|Any CPU.Build.0 = Release|Any CPU
	EndGlobalSection
	GlobalSection(SolutionProperties) = preSolution
		HideSolutionNode = FALSE
	EndGlobalSection
	GlobalSection(ExtensibilityGlobals) = postSolution
		SolutionGuid = {2BE75756-9925-49DA-9FE5-0E6D3AAACBCB}
	EndGlobalSection
EndGlobal
