
Microsoft Visual Studio Solution File, Format Version 12.00
# Visual Studio Version 16
VisualStudioVersion = 16.0.31321.278
MinimumVisualStudioVersion = 10.0.40219.1
Project("{FAE04EC0-301F-11D3-BF4B-00C04F79EFBC}") = "Demo_StringBuilder", "Demo_StringBuilder\Demo_StringBuilder.csproj", "{EC96A202-BC22-441A-A84D-9E486D64630E}"
EndProject
Global
	GlobalSection(SolutionConfigurationPlatforms) = preSolution
		Debug|Any CPU = Debug|Any CPU
		Release|Any CPU = Release|Any CPU
	EndGlobalSection
	GlobalSection(ProjectConfigurationPlatforms) = postSolution
		{EC96A202-BC22-441A-A84D-9E486D64630E}.Debug|Any CPU.ActiveCfg = Debug|Any CPU
		{EC96A202-BC22-441A-A84D-9E486D64630E}.Debug|Any CPU.Build.0 = Debug|Any CPU
		{EC96A202-BC22-441A-A84D-9E486D64630E}.Release|Any CPU.ActiveCfg = Release|Any CPU
		{EC96A202-BC22-441A-A84D-9E486D64630E}.Release|Any CPU.Build.0 = Release|Any CPU
	EndGlobalSection
	GlobalSection(SolutionProperties) = preSolution
		HideSolutionNode = FALSE
	EndGlobalSection
	GlobalSection(ExtensibilityGlobals) = postSolution
		SolutionGuid = {299E495D-5249-42D0-91FC-BE2B62AF283D}
	EndGlobalSection
EndGlobal
