
Microsoft Visual Studio Solution File, Format Version 12.00
# Visual Studio Version 16
VisualStudioVersion = 16.0.31321.278
MinimumVisualStudioVersion = 10.0.40219.1
Project("{FAE04EC0-301F-11D3-BF4B-00C04F79EFBC}") = "Demo_Lists", "Demo_Lists\Demo_Lists.csproj", "{4EE1E048-E3B6-453C-96D1-BAB56584B84C}"
EndProject
Global
	GlobalSection(SolutionConfigurationPlatforms) = preSolution
		Debug|Any CPU = Debug|Any CPU
		Release|Any CPU = Release|Any CPU
	EndGlobalSection
	GlobalSection(ProjectConfigurationPlatforms) = postSolution
		{4EE1E048-E3B6-453C-96D1-BAB56584B84C}.Debug|Any CPU.ActiveCfg = Debug|Any CPU
		{4EE1E048-E3B6-453C-96D1-BAB56584B84C}.Debug|Any CPU.Build.0 = Debug|Any CPU
		{4EE1E048-E3B6-453C-96D1-BAB56584B84C}.Release|Any CPU.ActiveCfg = Release|Any CPU
		{4EE1E048-E3B6-453C-96D1-BAB56584B84C}.Release|Any CPU.Build.0 = Release|Any CPU
	EndGlobalSection
	GlobalSection(SolutionProperties) = preSolution
		HideSolutionNode = FALSE
	EndGlobalSection
	GlobalSection(ExtensibilityGlobals) = postSolution
		SolutionGuid = {6E3A9162-6927-4E14-9387-94CEAECA172E}
	EndGlobalSection
EndGlobal
